
Microsoft Visual Studio Solution File, Format Version 12.00
# Visual Studio Version 17
VisualStudioVersion = 17.4.33213.308
MinimumVisualStudioVersion = 10.0.40219.1
Project("{FAE04EC0-301F-11D3-BF4B-00C04F79EFBC}") = "WPFShopFlowers", "WPFShopFlowers\WPFShopFlowers.csproj", "{150919AD-BEFA-41C8-A3C4-921507421605}"
EndProject
Global
	GlobalSection(SolutionConfigurationPlatforms) = preSolution
		Debug|Any CPU = Debug|Any CPU
		Release|Any CPU = Release|Any CPU
	EndGlobalSection
	GlobalSection(ProjectConfigurationPlatforms) = postSolution
		{150919AD-BEFA-41C8-A3C4-921507421605}.Debug|Any CPU.ActiveCfg = Debug|Any CPU
		{150919AD-BEFA-41C8-A3C4-921507421605}.Debug|Any CPU.Build.0 = Debug|Any CPU
		{150919AD-BEFA-41C8-A3C4-921507421605}.Release|Any CPU.ActiveCfg = Release|Any CPU
		{150919AD-BEFA-41C8-A3C4-921507421605}.Release|Any CPU.Build.0 = Release|Any CPU
	EndGlobalSection
	GlobalSection(SolutionProperties) = preSolution
		HideSolutionNode = FALSE
	EndGlobalSection
	GlobalSection(ExtensibilityGlobals) = postSolution
		SolutionGuid = {73403BC5-E45D-4689-BB9E-894775A51648}
	EndGlobalSection
EndGlobal
